
Microsoft Visual Studio Solution File, Format Version 12.00
# Visual Studio Version 17
VisualStudioVersion = 17.4.33213.308
MinimumVisualStudioVersion = 10.0.40219.1
Project("{FAE04EC0-301F-11D3-BF4B-00C04F79EFBC}") = "FiguresProject", "Figures\FiguresProject.csproj", "{0BFB80A1-B19D-49D5-8458-8058DEBB9197}"
EndProject
Global
	GlobalSection(SolutionConfigurationPlatforms) = preSolution
		Debug|Any CPU = Debug|Any CPU
		Release|Any CPU = Release|Any CPU
	EndGlobalSection
	GlobalSection(ProjectConfigurationPlatforms) = postSolution
		{0BFB80A1-B19D-49D5-8458-8058DEBB9197}.Debug|Any CPU.ActiveCfg = Debug|Any CPU
		{0BFB80A1-B19D-49D5-8458-8058DEBB9197}.Debug|Any CPU.Build.0 = Debug|Any CPU
		{0BFB80A1-B19D-49D5-8458-8058DEBB9197}.Release|Any CPU.ActiveCfg = Release|Any CPU
		{0BFB80A1-B19D-49D5-8458-8058DEBB9197}.Release|Any CPU.Build.0 = Release|Any CPU
	EndGlobalSection
	GlobalSection(SolutionProperties) = preSolution
		HideSolutionNode = FALSE
	EndGlobalSection
	GlobalSection(ExtensibilityGlobals) = postSolution
		SolutionGuid = {117B891C-1B7E-4940-807A-4BBE87051587}
	EndGlobalSection
EndGlobal
