
Microsoft Visual Studio Solution File, Format Version 12.00
# Visual Studio Version 17
VisualStudioVersion = 17.4.33213.308
MinimumVisualStudioVersion = 10.0.40219.1
Project("{FAE04EC0-301F-11D3-BF4B-00C04F79EFBC}") = "ShapesCLI", "ShapesCLI\ShapesCLI.csproj", "{E5F08A7F-0F80-49F6-9E38-30AE733285BF}"
EndProject
Global
	GlobalSection(SolutionConfigurationPlatforms) = preSolution
		Debug|Any CPU = Debug|Any CPU
		Release|Any CPU = Release|Any CPU
	EndGlobalSection
	GlobalSection(ProjectConfigurationPlatforms) = postSolution
		{E5F08A7F-0F80-49F6-9E38-30AE733285BF}.Debug|Any CPU.ActiveCfg = Debug|Any CPU
		{E5F08A7F-0F80-49F6-9E38-30AE733285BF}.Debug|Any CPU.Build.0 = Debug|Any CPU
		{E5F08A7F-0F80-49F6-9E38-30AE733285BF}.Release|Any CPU.ActiveCfg = Release|Any CPU
		{E5F08A7F-0F80-49F6-9E38-30AE733285BF}.Release|Any CPU.Build.0 = Release|Any CPU
	EndGlobalSection
	GlobalSection(SolutionProperties) = preSolution
		HideSolutionNode = FALSE
	EndGlobalSection
	GlobalSection(ExtensibilityGlobals) = postSolution
		SolutionGuid = {A55837DD-6060-4D69-B562-437466C536F5}
	EndGlobalSection
EndGlobal
